// !$*UTF8*$!
{
	archiveVersion = 1;
	classes = {
	};
	objectVersion = 46;
	objects = {

/* Begin PBXBuildFile section */
		1791EE4F19B5FBD100B51033 /* gatey.cpp in Sources */ = {isa = PBXBuildFile; fileRef = 1791EE4D19B5FBD100B51033 /* gatey.cpp */; };
		1791EE5119B5FBD900B51033 /* main.cpp in Sources */ = {isa = PBXBuildFile; fileRef = 1791EE5019B5FBD900B51033 /* main.cpp */; };
/* End PBXBuildFile section */

/* Begin PBXCopyFilesBuildPhase section */
		1791EE3F19B5FBB200B51033 /* CopyFiles */ = {
			isa = PBXCopyFilesBuildPhase;
			buildActionMask = 2147483647;
			dstPath = /usr/share/man/man1/;
			dstSubfolderSpec = 0;
			files = (
			);
			runOnlyForDeploymentPostprocessing = 1;
		};
/* End PBXCopyFilesBuildPhase section */

/* Begin PBXFileReference section */
		1791EE4119B5FBB200B51033 /* ExampleSin */ = {isa = PBXFileReference; explicitFileType = "compiled.mach-o.executable"; includeInIndex = 0; path = ExampleSin; sourceTree = BUILT_PRODUCTS_DIR; };
		1791EE4D19B5FBD100B51033 /* gatey.cpp */ = {isa = PBXFileReference; fileEncoding = 4; lastKnownFileType = sourcecode.cpp.cpp; name = gatey.cpp; path = ../../../gatey.cpp; sourceTree = "<group>"; };
		1791EE4E19B5FBD100B51033 /* gatey.hpp */ = {isa = PBXFileReference; fileEncoding = 4; lastKnownFileType = sourcecode.cpp.h; name = gatey.hpp; path = ../../../gatey.hpp; sourceTree = "<group>"; };
		1791EE5019B5FBD900B51033 /* main.cpp */ = {isa = PBXFileReference; fileEncoding = 4; lastKnownFileType = sourcecode.cpp.cpp; name = main.cpp; path = ../../../examples/sin/main.cpp; sourceTree = "<group>"; };
/* End PBXFileReference section */

/* Begin PBXFrameworksBuildPhase section */
		1791EE3E19B5FBB200B51033 /* Frameworks */ = {
			isa = PBXFrameworksBuildPhase;
			buildActionMask = 2147483647;
			files = (
			);
			runOnlyForDeploymentPostprocessing = 0;
		};
/* End PBXFrameworksBuildPhase section */

/* Begin PBXGroup section */
		1791EE3819B5FBB200B51033 = {
			isa = PBXGroup;
			children = (
				1791EE4319B5FBB200B51033 /* ExampleSin */,
				1791EE4219B5FBB200B51033 /* Products */,
			);
			sourceTree = "<group>";
		};
		1791EE4219B5FBB200B51033 /* Products */ = {
			isa = PBXGroup;
			children = (
				1791EE4119B5FBB200B51033 /* ExampleSin */,
			);
			name = Products;
			sourceTree = "<group>";
		};
		1791EE4319B5FBB200B51033 /* ExampleSin */ = {
			isa = PBXGroup;
			children = (
				1791EE5019B5FBD900B51033 /* main.cpp */,
				1791EE4D19B5FBD100B51033 /* gatey.cpp */,
				1791EE4E19B5FBD100B51033 /* gatey.hpp */,
			);
			path = ExampleSin;
			sourceTree = "<group>";
		};
/* End PBXGroup section */

/* Begin PBXNativeTarget section */
		1791EE4019B5FBB200B51033 /* ExampleSin */ = {
			isa = PBXNativeTarget;
			buildConfigurationList = 1791EE4A19B5FBB200B51033 /* Build configuration list for PBXNativeTarget "ExampleSin" */;
			buildPhases = (
				1791EE3D19B5FBB200B51033 /* Sources */,
				1791EE3E19B5FBB200B51033 /* Frameworks */,
				1791EE3F19B5FBB200B51033 /* CopyFiles */,
			);
			buildRules = (
			);
			dependencies = (
			);
			name = ExampleSin;
			productName = ExampleSin;
			productReference = 1791EE4119B5FBB200B51033 /* ExampleSin */;
			productType = "com.apple.product-type.tool";
		};
/* End PBXNativeTarget section */

/* Begin PBXProject section */
		1791EE3919B5FBB200B51033 /* Project object */ = {
			isa = PBXProject;
			attributes = {
				LastUpgradeCheck = 0510;
				ORGANIZATIONNAME = "Tobias Neukom";
			};
			buildConfigurationList = 1791EE3C19B5FBB200B51033 /* Build configuration list for PBXProject "ExampleSin" */;
			compatibilityVersion = "Xcode 3.2";
			developmentRegion = English;
			hasScannedForEncodings = 0;
			knownRegions = (
				en,
			);
			mainGroup = 1791EE3819B5FBB200B51033;
			productRefGroup = 1791EE4219B5FBB200B51033 /* Products */;
			projectDirPath = "";
			projectRoot = "";
			targets = (
				1791EE4019B5FBB200B51033 /* ExampleSin */,
			);
		};
/* End PBXProject section */

/* Begin PBXSourcesBuildPhase section */
		1791EE3D19B5FBB200B51033 /* Sources */ = {
			isa = PBXSourcesBuildPhase;
			buildActionMask = 2147483647;
			files = (
				1791EE5119B5FBD900B51033 /* main.cpp in Sources */,
				1791EE4F19B5FBD100B51033 /* gatey.cpp in Sources */,
			);
			runOnlyForDeploymentPostprocessing = 0;
		};
/* End PBXSourcesBuildPhase section */

/* Begin XCBuildConfiguration section */
		1791EE4819B5FBB200B51033 /* Debug */ = {
			isa = XCBuildConfiguration;
			buildSettings = {
				ALWAYS_SEARCH_USER_PATHS = NO;
				CLANG_CXX_LANGUAGE_STANDARD = "gnu++0x";
				CLANG_CXX_LIBRARY = "libc++";
				CLANG_ENABLE_MODULES = YES;
				CLANG_ENABLE_OBJC_ARC = YES;
				CLANG_WARN_BOOL_CONVERSION = YES;
				CLANG_WARN_CONSTANT_CONVERSION = YES;
				CLANG_WARN_DIRECT_OBJC_ISA_USAGE = YES_ERROR;
				CLANG_WARN_EMPTY_BODY = YES;
				CLANG_WARN_ENUM_CONVERSION = YES;
				CLANG_WARN_INT_CONVERSION = YES;
				CLANG_WARN_OBJC_ROOT_CLASS = YES_ERROR;
				CLANG_WARN__DUPLICATE_METHOD_MATCH = YES;
				COPY_PHASE_STRIP = NO;
				GCC_C_LANGUAGE_STANDARD = gnu99;
				GCC_DYNAMIC_NO_PIC = NO;
				GCC_ENABLE_OBJC_EXCEPTIONS = YES;
				GCC_OPTIMIZATION_LEVEL = 0;
				GCC_PREPROCESSOR_DEFINITIONS = (
					"DEBUG=1",
					"$(inherited)",
				);
				GCC_SYMBOLS_PRIVATE_EXTERN = NO;
				GCC_WARN_64_TO_32_BIT_CONVERSION = YES;
				GCC_WARN_ABOUT_RETURN_TYPE = YES_ERROR;
				GCC_WARN_UNDECLARED_SELECTOR = YES;
				GCC_WARN_UNINITIALIZED_AUTOS = YES_AGGRESSIVE;
				GCC_WARN_UNUSED_FUNCTION = YES;
				GCC_WARN_UNUSED_VARIABLE = YES;
				MACOSX_DEPLOYMENT_TARGET = 10.9;
				ONLY_ACTIVE_ARCH = YES;
				SDKROOT = macosx;
			};
			name = Debug;
		};
		1791EE4919B5FBB200B51033 /* Release */ = {
			isa = XCBuildConfiguration;
			buildSettings = {
				ALWAYS_SEARCH_USER_PATHS = NO;
				CLANG_CXX_LANGUAGE_STANDARD = "gnu++0x";
				CLANG_CXX_LIBRARY = "libc++";
				CLANG_ENABLE_MODULES = YES;
				CLANG_ENABLE_OBJC_ARC = YES;
				CLANG_WARN_BOOL_CONVERSION = YES;
				CLANG_WARN_CONSTANT_CONVERSION = YES;
				CLANG_WARN_DIRECT_OBJC_ISA_USAGE = YES_ERROR;
				CLANG_WARN_EMPTY_BODY = YES;
				CLANG_WARN_ENUM_CONVERSION = YES;
				CLANG_WARN_INT_CONVERSION = YES;
				CLANG_WARN_OBJC_ROOT_CLASS = YES_ERROR;
				CLANG_WARN__DUPLICATE_METHOD_MATCH = YES;
				COPY_PHASE_STRIP = YES;
				DEBUG_INFORMATION_FORMAT = "dwarf-with-dsym";
				ENABLE_NS_ASSERTIONS = NO;
				GCC_C_LANGUAGE_STANDARD = gnu99;
				GCC_ENABLE_OBJC_EXCEPTIONS = YES;
				GCC_WARN_64_TO_32_BIT_CONVERSION = YES;
				GCC_WARN_ABOUT_RETURN_TYPE = YES_ERROR;
				GCC_WARN_UNDECLARED_SELECTOR = YES;
				GCC_WARN_UNINITIALIZED_AUTOS = YES_AGGRESSIVE;
				GCC_WARN_UNUSED_FUNCTION = YES;
				GCC_WARN_UNUSED_VARIABLE = YES;
				MACOSX_DEPLOYMENT_TARGET = 10.9;
				SDKROOT = macosx;
			};
			name = Release;
		};
		1791EE4B19B5FBB200B51033 /* Debug */ = {
			isa = XCBuildConfiguration;
			buildSettings = {
				PRODUCT_NAME = "$(TARGET_NAME)";
			};
			name = Debug;
		};
		1791EE4C19B5FBB200B51033 /* Release */ = {
			isa = XCBuildConfiguration;
			buildSettings = {
				PRODUCT_NAME = "$(TARGET_NAME)";
			};
			name = Release;
		};
/* End XCBuildConfiguration section */

/* Begin XCConfigurationList section */
		1791EE3C19B5FBB200B51033 /* Build configuration list for PBXProject "ExampleSin" */ = {
			isa = XCConfigurationList;
			buildConfigurations = (
				1791EE4819B5FBB200B51033 /* Debug */,
				1791EE4919B5FBB200B51033 /* Release */,
			);
			defaultConfigurationIsVisible = 0;
			defaultConfigurationName = Release;
		};
		1791EE4A19B5FBB200B51033 /* Build configuration list for PBXNativeTarget "ExampleSin" */ = {
			isa = XCConfigurationList;
			buildConfigurations = (
				1791EE4B19B5FBB200B51033 /* Debug */,
				1791EE4C19B5FBB200B51033 /* Release */,
			);
			defaultConfigurationIsVisible = 0;
		};
/* End XCConfigurationList section */
	};
	rootObject = 1791EE3919B5FBB200B51033 /* Project object */;
}
